// !$*UTF8*$!
{
	archiveVersion = 1;
	classes = {
	};
	objectVersion = 50;
	objects = {

/* Begin PBXBuildFile section */
		620FB23025AE0DBD00DBA1EE /* TargetController.swift in Sources */ = {isa = PBXBuildFile; fileRef = 620FB22F25AE0DBD00DBA1EE /* TargetController.swift */; };
		620FB23525AE0DCB00DBA1EE /* IncomeController.swift in Sources */ = {isa = PBXBuildFile; fileRef = 620FB23425AE0DCB00DBA1EE /* IncomeController.swift */; };
		620FB23A25AE0DD600DBA1EE /* ExpenseController.swift in Sources */ = {isa = PBXBuildFile; fileRef = 620FB23925AE0DD600DBA1EE /* ExpenseController.swift */; };
		623A382225BBE91A005F39E4 /* ExpenseCell.swift in Sources */ = {isa = PBXBuildFile; fileRef = 623A382125BBE91A005F39E4 /* ExpenseCell.swift */; };
		623A382A25BCA217005F39E4 /* IncomeCell.swift in Sources */ = {isa = PBXBuildFile; fileRef = 623A382925BCA217005F39E4 /* IncomeCell.swift */; };
		62DAD0C325A8E65D0052214E /* AppDelegate.swift in Sources */ = {isa = PBXBuildFile; fileRef = 62DAD0C225A8E65D0052214E /* AppDelegate.swift */; };
		62DAD0C525A8E65D0052214E /* SceneDelegate.swift in Sources */ = {isa = PBXBuildFile; fileRef = 62DAD0C425A8E65D0052214E /* SceneDelegate.swift */; };
		62DAD0C725A8E65D0052214E /* ViewController.swift in Sources */ = {isa = PBXBuildFile; fileRef = 62DAD0C625A8E65D0052214E /* ViewController.swift */; };
		62DAD0CA25A8E65D0052214E /* Main.storyboard in Resources */ = {isa = PBXBuildFile; fileRef = 62DAD0C825A8E65D0052214E /* Main.storyboard */; };
		62DAD0CC25A8E65E0052214E /* Assets.xcassets in Resources */ = {isa = PBXBuildFile; fileRef = 62DAD0CB25A8E65E0052214E /* Assets.xcassets */; };
		62DAD0CF25A8E65E0052214E /* LaunchScreen.storyboard in Resources */ = {isa = PBXBuildFile; fileRef = 62DAD0CD25A8E65E0052214E /* LaunchScreen.storyboard */; };
		62DAD0FB25A8E7200052214E /* Savings.swift in Sources */ = {isa = PBXBuildFile; fileRef = 62DAD0F725A8E7200052214E /* Savings.swift */; };
		62DAD0FC25A8E7200052214E /* Income.swift in Sources */ = {isa = PBXBuildFile; fileRef = 62DAD0F825A8E7200052214E /* Income.swift */; };
		62DAD0FD25A8E7200052214E /* Target.swift in Sources */ = {isa = PBXBuildFile; fileRef = 62DAD0F925A8E7200052214E /* Target.swift */; };
		62DAD0FE25A8E7200052214E /* Expense.swift in Sources */ = {isa = PBXBuildFile; fileRef = 62DAD0FA25A8E7200052214E /* Expense.swift */; };
		62DAD10B25A8EE4D0052214E /* AddTargetController.swift in Sources */ = {isa = PBXBuildFile; fileRef = 62DAD10A25A8EE4D0052214E /* AddTargetController.swift */; };
		62DAD11025A8EE5E0052214E /* SavingsController.swift in Sources */ = {isa = PBXBuildFile; fileRef = 62DAD10F25A8EE5E0052214E /* SavingsController.swift */; };
		62DAD11525A8EE6E0052214E /* HomeController.swift in Sources */ = {isa = PBXBuildFile; fileRef = 62DAD11425A8EE6E0052214E /* HomeController.swift */; };
		62DAD11A25A8EE790052214E /* AddExpenseController.swift in Sources */ = {isa = PBXBuildFile; fileRef = 62DAD11925A8EE790052214E /* AddExpenseController.swift */; };
		62DAD11F25A8EE8A0052214E /* AddIncomeController.swift in Sources */ = {isa = PBXBuildFile; fileRef = 62DAD11E25A8EE8A0052214E /* AddIncomeController.swift */; };
/* End PBXBuildFile section */

/* Begin PBXFileReference section */
		620FB22F25AE0DBD00DBA1EE /* TargetController.swift */ = {isa = PBXFileReference; lastKnownFileType = sourcecode.swift; path = TargetController.swift; sourceTree = "<group>"; };
		620FB23425AE0DCB00DBA1EE /* IncomeController.swift */ = {isa = PBXFileReference; lastKnownFileType = sourcecode.swift; path = IncomeController.swift; sourceTree = "<group>"; };
		620FB23925AE0DD600DBA1EE /* ExpenseController.swift */ = {isa = PBXFileReference; lastKnownFileType = sourcecode.swift; path = ExpenseController.swift; sourceTree = "<group>"; };
		623A382125BBE91A005F39E4 /* ExpenseCell.swift */ = {isa = PBXFileReference; lastKnownFileType = sourcecode.swift; name = ExpenseCell.swift; path = SavingsTracker/Controller/Expense/ExpenseCell.swift; sourceTree = SOURCE_ROOT; };
		623A382925BCA217005F39E4 /* IncomeCell.swift */ = {isa = PBXFileReference; lastKnownFileType = sourcecode.swift; path = IncomeCell.swift; sourceTree = "<group>"; };
		62DAD0BF25A8E65D0052214E /* SavingsTracker.app */ = {isa = PBXFileReference; explicitFileType = wrapper.application; includeInIndex = 0; path = SavingsTracker.app; sourceTree = BUILT_PRODUCTS_DIR; };
		62DAD0C225A8E65D0052214E /* AppDelegate.swift */ = {isa = PBXFileReference; lastKnownFileType = sourcecode.swift; path = AppDelegate.swift; sourceTree = "<group>"; };
		62DAD0C425A8E65D0052214E /* SceneDelegate.swift */ = {isa = PBXFileReference; lastKnownFileType = sourcecode.swift; path = SceneDelegate.swift; sourceTree = "<group>"; };
		62DAD0C625A8E65D0052214E /* ViewController.swift */ = {isa = PBXFileReference; lastKnownFileType = sourcecode.swift; path = ViewController.swift; sourceTree = "<group>"; };
		62DAD0C925A8E65D0052214E /* Base */ = {isa = PBXFileReference; lastKnownFileType = file.storyboard; name = Base; path = Base.lproj/Main.storyboard; sourceTree = "<group>"; };
		62DAD0CB25A8E65E0052214E /* Assets.xcassets */ = {isa = PBXFileReference; lastKnownFileType = folder.assetcatalog; path = Assets.xcassets; sourceTree = "<group>"; };
		62DAD0CE25A8E65E0052214E /* Base */ = {isa = PBXFileReference; lastKnownFileType = file.storyboard; name = Base; path = Base.lproj/LaunchScreen.storyboard; sourceTree = "<group>"; };
		62DAD0D025A8E65E0052214E /* Info.plist */ = {isa = PBXFileReference; lastKnownFileType = text.plist.xml; path = Info.plist; sourceTree = "<group>"; };
		62DAD0D925A8E65E0052214E /* SavingsTrackerTests.swift */ = {isa = PBXFileReference; lastKnownFileType = sourcecode.swift; path = SavingsTrackerTests.swift; sourceTree = "<group>"; };
		62DAD0DB25A8E65E0052214E /* Info.plist */ = {isa = PBXFileReference; lastKnownFileType = text.plist.xml; path = Info.plist; sourceTree = "<group>"; };
		62DAD0E425A8E65E0052214E /* SavingsTrackerUITests.swift */ = {isa = PBXFileReference; lastKnownFileType = sourcecode.swift; path = SavingsTrackerUITests.swift; sourceTree = "<group>"; };
		62DAD0E625A8E65E0052214E /* Info.plist */ = {isa = PBXFileReference; lastKnownFileType = text.plist.xml; path = Info.plist; sourceTree = "<group>"; };
		62DAD0F725A8E7200052214E /* Savings.swift */ = {isa = PBXFileReference; fileEncoding = 4; lastKnownFileType = sourcecode.swift; path = Savings.swift; sourceTree = "<group>"; };
		62DAD0F825A8E7200052214E /* Income.swift */ = {isa = PBXFileReference; fileEncoding = 4; lastKnownFileType = sourcecode.swift; path = Income.swift; sourceTree = "<group>"; };
		62DAD0F925A8E7200052214E /* Target.swift */ = {isa = PBXFileReference; fileEncoding = 4; lastKnownFileType = sourcecode.swift; path = Target.swift; sourceTree = "<group>"; };
		62DAD0FA25A8E7200052214E /* Expense.swift */ = {isa = PBXFileReference; fileEncoding = 4; lastKnownFileType = sourcecode.swift; path = Expense.swift; sourceTree = "<group>"; };
		62DAD10A25A8EE4D0052214E /* AddTargetController.swift */ = {isa = PBXFileReference; lastKnownFileType = sourcecode.swift; path = AddTargetController.swift; sourceTree = "<group>"; };
		62DAD10F25A8EE5E0052214E /* SavingsController.swift */ = {isa = PBXFileReference; lastKnownFileType = sourcecode.swift; path = SavingsController.swift; sourceTree = "<group>"; };
		62DAD11425A8EE6E0052214E /* HomeController.swift */ = {isa = PBXFileReference; lastKnownFileType = sourcecode.swift; path = HomeController.swift; sourceTree = "<group>"; };
		62DAD11925A8EE790052214E /* AddExpenseController.swift */ = {isa = PBXFileReference; lastKnownFileType = sourcecode.swift; path = AddExpenseController.swift; sourceTree = "<group>"; };
		62DAD11E25A8EE8A0052214E /* AddIncomeController.swift */ = {isa = PBXFileReference; lastKnownFileType = sourcecode.swift; path = AddIncomeController.swift; sourceTree = "<group>"; };
/* End PBXFileReference section */

/* Begin PBXFrameworksBuildPhase section */
		62DAD0BC25A8E65D0052214E /* Frameworks */ = {
			isa = PBXFrameworksBuildPhase;
			buildActionMask = 2147483647;
			files = (
			);
			runOnlyForDeploymentPostprocessing = 0;
		};
/* End PBXFrameworksBuildPhase section */

/* Begin PBXGroup section */
		620FB23E25AE0DDC00DBA1EE /* Income */ = {
			isa = PBXGroup;
			children = (
				623A382925BCA217005F39E4 /* IncomeCell.swift */,
				620FB23425AE0DCB00DBA1EE /* IncomeController.swift */,
				62DAD11E25A8EE8A0052214E /* AddIncomeController.swift */,
			);
			path = Income;
			sourceTree = "<group>";
		};
		620FB23F25AE0DEA00DBA1EE /* Expense */ = {
			isa = PBXGroup;
			children = (
				623A382125BBE91A005F39E4 /* ExpenseCell.swift */,
				620FB23925AE0DD600DBA1EE /* ExpenseController.swift */,
				62DAD11925A8EE790052214E /* AddExpenseController.swift */,
			);
			path = Expense;
			sourceTree = "<group>";
		};
		620FB24025AE0DF700DBA1EE /* Target */ = {
			isa = PBXGroup;
			children = (
				620FB22F25AE0DBD00DBA1EE /* TargetController.swift */,
				62DAD10A25A8EE4D0052214E /* AddTargetController.swift */,
			);
			path = Target;
			sourceTree = "<group>";
		};
		62DAD0B625A8E65D0052214E = {
			isa = PBXGroup;
			children = (
				62DAD0C125A8E65D0052214E /* SavingsTracker */,
				62DAD0D825A8E65E0052214E /* SavingsTrackerTests */,
				62DAD0E325A8E65E0052214E /* SavingsTrackerUITests */,
				62DAD0C025A8E65D0052214E /* Products */,
			);
			sourceTree = "<group>";
		};
		62DAD0C025A8E65D0052214E /* Products */ = {
			isa = PBXGroup;
			children = (
				62DAD0BF25A8E65D0052214E /* SavingsTracker.app */,
			);
			name = Products;
			sourceTree = "<group>";
		};
		62DAD0C125A8E65D0052214E /* SavingsTracker */ = {
			isa = PBXGroup;
			children = (
				62DAD0F625A8E7140052214E /* Model */,
				62DAD0F525A8E7060052214E /* View */,
				62DAD10225A8E7250052214E /* Controller */,
				62DAD0C225A8E65D0052214E /* AppDelegate.swift */,
				62DAD0C425A8E65D0052214E /* SceneDelegate.swift */,
				62DAD0C625A8E65D0052214E /* ViewController.swift */,
				62DAD0CB25A8E65E0052214E /* Assets.xcassets */,
				62DAD0D025A8E65E0052214E /* Info.plist */,
			);
			path = SavingsTracker;
			sourceTree = "<group>";
		};
		62DAD0D825A8E65E0052214E /* SavingsTrackerTests */ = {
			isa = PBXGroup;
			children = (
				62DAD0D925A8E65E0052214E /* SavingsTrackerTests.swift */,
				62DAD0DB25A8E65E0052214E /* Info.plist */,
			);
			path = SavingsTrackerTests;
			sourceTree = "<group>";
		};
		62DAD0E325A8E65E0052214E /* SavingsTrackerUITests */ = {
			isa = PBXGroup;
			children = (
				62DAD0E425A8E65E0052214E /* SavingsTrackerUITests.swift */,
				62DAD0E625A8E65E0052214E /* Info.plist */,
			);
			path = SavingsTrackerUITests;
			sourceTree = "<group>";
		};
		62DAD0F525A8E7060052214E /* View */ = {
			isa = PBXGroup;
			children = (
				62DAD0C825A8E65D0052214E /* Main.storyboard */,
				62DAD0CD25A8E65E0052214E /* LaunchScreen.storyboard */,
			);
			path = View;
			sourceTree = "<group>";
		};
		62DAD0F625A8E7140052214E /* Model */ = {
			isa = PBXGroup;
			children = (
				62DAD0FA25A8E7200052214E /* Expense.swift */,
				62DAD0F825A8E7200052214E /* Income.swift */,
				62DAD0F725A8E7200052214E /* Savings.swift */,
				62DAD0F925A8E7200052214E /* Target.swift */,
			);
			path = Model;
			sourceTree = "<group>";
		};
		62DAD10225A8E7250052214E /* Controller */ = {
			isa = PBXGroup;
			children = (
				620FB24025AE0DF700DBA1EE /* Target */,
				620FB23F25AE0DEA00DBA1EE /* Expense */,
				620FB23E25AE0DDC00DBA1EE /* Income */,
				62DAD10F25A8EE5E0052214E /* SavingsController.swift */,
				62DAD11425A8EE6E0052214E /* HomeController.swift */,
			);
			path = Controller;
			sourceTree = "<group>";
		};
/* End PBXGroup section */

/* Begin PBXNativeTarget section */
		62DAD0BE25A8E65D0052214E /* SavingsTracker */ = {
			isa = PBXNativeTarget;
			buildConfigurationList = 62DAD0E925A8E65E0052214E /* Build configuration list for PBXNativeTarget "SavingsTracker" */;
			buildPhases = (
				62DAD0BB25A8E65D0052214E /* Sources */,
				62DAD0BC25A8E65D0052214E /* Frameworks */,
				62DAD0BD25A8E65D0052214E /* Resources */,
			);
			buildRules = (
			);
			dependencies = (
			);
			name = SavingsTracker;
			productName = SavingsTracker;
			productReference = 62DAD0BF25A8E65D0052214E /* SavingsTracker.app */;
			productType = "com.apple.product-type.application";
		};
/* End PBXNativeTarget section */

/* Begin PBXProject section */
		62DAD0B725A8E65D0052214E /* Project object */ = {
			isa = PBXProject;
			attributes = {
				LastSwiftUpdateCheck = 1220;
				LastUpgradeCheck = 1220;
				TargetAttributes = {
					62DAD0BE25A8E65D0052214E = {
						CreatedOnToolsVersion = 12.2;
					};
				};
			};
			buildConfigurationList = 62DAD0BA25A8E65D0052214E /* Build configuration list for PBXProject "SavingsTracker" */;
			compatibilityVersion = "Xcode 9.3";
			developmentRegion = en;
			hasScannedForEncodings = 0;
			knownRegions = (
				en,
				Base,
			);
			mainGroup = 62DAD0B625A8E65D0052214E;
			productRefGroup = 62DAD0C025A8E65D0052214E /* Products */;
			projectDirPath = "";
			projectRoot = "";
			targets = (
				62DAD0BE25A8E65D0052214E /* SavingsTracker */,
			);
		};
/* End PBXProject section */

/* Begin PBXResourcesBuildPhase section */
		62DAD0BD25A8E65D0052214E /* Resources */ = {
			isa = PBXResourcesBuildPhase;
			buildActionMask = 2147483647;
			files = (
				62DAD0CF25A8E65E0052214E /* LaunchScreen.storyboard in Resources */,
				62DAD0CC25A8E65E0052214E /* Assets.xcassets in Resources */,
				62DAD0CA25A8E65D0052214E /* Main.storyboard in Resources */,
			);
			runOnlyForDeploymentPostprocessing = 0;
		};
/* End PBXResourcesBuildPhase section */

/* Begin PBXSourcesBuildPhase section */
		62DAD0BB25A8E65D0052214E /* Sources */ = {
			isa = PBXSourcesBuildPhase;
			buildActionMask = 2147483647;
			files = (
				620FB23A25AE0DD600DBA1EE /* ExpenseController.swift in Sources */,
				620FB23525AE0DCB00DBA1EE /* IncomeController.swift in Sources */,
				62DAD0FE25A8E7200052214E /* Expense.swift in Sources */,
				62DAD11A25A8EE790052214E /* AddExpenseController.swift in Sources */,
				623A382225BBE91A005F39E4 /* ExpenseCell.swift in Sources */,
				62DAD0FD25A8E7200052214E /* Target.swift in Sources */,
				62DAD0C725A8E65D0052214E /* ViewController.swift in Sources */,
				62DAD0C325A8E65D0052214E /* AppDelegate.swift in Sources */,
				62DAD11525A8EE6E0052214E /* HomeController.swift in Sources */,
				623A382A25BCA217005F39E4 /* IncomeCell.swift in Sources */,
				62DAD11025A8EE5E0052214E /* SavingsController.swift in Sources */,
				62DAD10B25A8EE4D0052214E /* AddTargetController.swift in Sources */,
				620FB23025AE0DBD00DBA1EE /* TargetController.swift in Sources */,
				62DAD11F25A8EE8A0052214E /* AddIncomeController.swift in Sources */,
				62DAD0C525A8E65D0052214E /* SceneDelegate.swift in Sources */,
				62DAD0FC25A8E7200052214E /* Income.swift in Sources */,
				62DAD0FB25A8E7200052214E /* Savings.swift in Sources */,
			);
			runOnlyForDeploymentPostprocessing = 0;
		};
/* End PBXSourcesBuildPhase section */

/* Begin PBXVariantGroup section */
		62DAD0C825A8E65D0052214E /* Main.storyboard */ = {
			isa = PBXVariantGroup;
			children = (
				62DAD0C925A8E65D0052214E /* Base */,
			);
			name = Main.storyboard;
			sourceTree = "<group>";
		};
		62DAD0CD25A8E65E0052214E /* LaunchScreen.storyboard */ = {
			isa = PBXVariantGroup;
			children = (
				62DAD0CE25A8E65E0052214E /* Base */,
			);
			name = LaunchScreen.storyboard;
			sourceTree = "<group>";
		};
/* End PBXVariantGroup section */

/* Begin XCBuildConfiguration section */
		62DAD0E725A8E65E0052214E /* Debug */ = {
			isa = XCBuildConfiguration;
			buildSettings = {
				ALWAYS_SEARCH_USER_PATHS = NO;
				CLANG_ANALYZER_NONNULL = YES;
				CLANG_ANALYZER_NUMBER_OBJECT_CONVERSION = YES_AGGRESSIVE;
				CLANG_CXX_LANGUAGE_STANDARD = "gnu++14";
				CLANG_CXX_LIBRARY = "libc++";
				CLANG_ENABLE_MODULES = YES;
				CLANG_ENABLE_OBJC_ARC = YES;
				CLANG_ENABLE_OBJC_WEAK = YES;
				CLANG_WARN_BLOCK_CAPTURE_AUTORELEASING = YES;
				CLANG_WARN_BOOL_CONVERSION = YES;
				CLANG_WARN_COMMA = YES;
				CLANG_WARN_CONSTANT_CONVERSION = YES;
				CLANG_WARN_DEPRECATED_OBJC_IMPLEMENTATIONS = YES;
				CLANG_WARN_DIRECT_OBJC_ISA_USAGE = YES_ERROR;
				CLANG_WARN_DOCUMENTATION_COMMENTS = YES;
				CLANG_WARN_EMPTY_BODY = YES;
				CLANG_WARN_ENUM_CONVERSION = YES;
				CLANG_WARN_INFINITE_RECURSION = YES;
				CLANG_WARN_INT_CONVERSION = YES;
				CLANG_WARN_NON_LITERAL_NULL_CONVERSION = YES;
				CLANG_WARN_OBJC_IMPLICIT_RETAIN_SELF = YES;
				CLANG_WARN_OBJC_LITERAL_CONVERSION = YES;
				CLANG_WARN_OBJC_ROOT_CLASS = YES_ERROR;
				CLANG_WARN_QUOTED_INCLUDE_IN_FRAMEWORK_HEADER = YES;
				CLANG_WARN_RANGE_LOOP_ANALYSIS = YES;
				CLANG_WARN_STRICT_PROTOTYPES = YES;
				CLANG_WARN_SUSPICIOUS_MOVE = YES;
				CLANG_WARN_UNGUARDED_AVAILABILITY = YES_AGGRESSIVE;
				CLANG_WARN_UNREACHABLE_CODE = YES;
				CLANG_WARN__DUPLICATE_METHOD_MATCH = YES;
				COPY_PHASE_STRIP = NO;
				DEBUG_INFORMATION_FORMAT = dwarf;
				ENABLE_STRICT_OBJC_MSGSEND = YES;
				ENABLE_TESTABILITY = YES;
				GCC_C_LANGUAGE_STANDARD = gnu11;
				GCC_DYNAMIC_NO_PIC = NO;
				GCC_NO_COMMON_BLOCKS = YES;
				GCC_OPTIMIZATION_LEVEL = 0;
				GCC_PREPROCESSOR_DEFINITIONS = (
					"DEBUG=1",
					"$(inherited)",
				);
				GCC_WARN_64_TO_32_BIT_CONVERSION = YES;
				GCC_WARN_ABOUT_RETURN_TYPE = YES_ERROR;
				GCC_WARN_UNDECLARED_SELECTOR = YES;
				GCC_WARN_UNINITIALIZED_AUTOS = YES_AGGRESSIVE;
				GCC_WARN_UNUSED_FUNCTION = YES;
				GCC_WARN_UNUSED_VARIABLE = YES;
				IPHONEOS_DEPLOYMENT_TARGET = 14.2;
				MTL_ENABLE_DEBUG_INFO = INCLUDE_SOURCE;
				MTL_FAST_MATH = YES;
				ONLY_ACTIVE_ARCH = YES;
				SDKROOT = iphoneos;
				SWIFT_ACTIVE_COMPILATION_CONDITIONS = DEBUG;
				SWIFT_OPTIMIZATION_LEVEL = "-Onone";
			};
			name = Debug;
		};
		62DAD0E825A8E65E0052214E /* Release */ = {
			isa = XCBuildConfiguration;
			buildSettings = {
				ALWAYS_SEARCH_USER_PATHS = NO;
				CLANG_ANALYZER_NONNULL = YES;
				CLANG_ANALYZER_NUMBER_OBJECT_CONVERSION = YES_AGGRESSIVE;
				CLANG_CXX_LANGUAGE_STANDARD = "gnu++14";
				CLANG_CXX_LIBRARY = "libc++";
				CLANG_ENABLE_MODULES = YES;
				CLANG_ENABLE_OBJC_ARC = YES;
				CLANG_ENABLE_OBJC_WEAK = YES;
				CLANG_WARN_BLOCK_CAPTURE_AUTORELEASING = YES;
				CLANG_WARN_BOOL_CONVERSION = YES;
				CLANG_WARN_COMMA = YES;
				CLANG_WARN_CONSTANT_CONVERSION = YES;
				CLANG_WARN_DEPRECATED_OBJC_IMPLEMENTATIONS = YES;
				CLANG_WARN_DIRECT_OBJC_ISA_USAGE = YES_ERROR;
				CLANG_WARN_DOCUMENTATION_COMMENTS = YES;
				CLANG_WARN_EMPTY_BODY = YES;
				CLANG_WARN_ENUM_CONVERSION = YES;
				CLANG_WARN_INFINITE_RECURSION = YES;
				CLANG_WARN_INT_CONVERSION = YES;
				CLANG_WARN_NON_LITERAL_NULL_CONVERSION = YES;
				CLANG_WARN_OBJC_IMPLICIT_RETAIN_SELF = YES;
				CLANG_WARN_OBJC_LITERAL_CONVERSION = YES;
				CLANG_WARN_OBJC_ROOT_CLASS = YES_ERROR;
				CLANG_WARN_QUOTED_INCLUDE_IN_FRAMEWORK_HEADER = YES;
				CLANG_WARN_RANGE_LOOP_ANALYSIS = YES;
				CLANG_WARN_STRICT_PROTOTYPES = YES;
				CLANG_WARN_SUSPICIOUS_MOVE = YES;
				CLANG_WARN_UNGUARDED_AVAILABILITY = YES_AGGRESSIVE;
				CLANG_WARN_UNREACHABLE_CODE = YES;
				CLANG_WARN__DUPLICATE_METHOD_MATCH = YES;
				COPY_PHASE_STRIP = NO;
				DEBUG_INFORMATION_FORMAT = "dwarf-with-dsym";
				ENABLE_NS_ASSERTIONS = NO;
				ENABLE_STRICT_OBJC_MSGSEND = YES;
				GCC_C_LANGUAGE_STANDARD = gnu11;
				GCC_NO_COMMON_BLOCKS = YES;
				GCC_WARN_64_TO_32_BIT_CONVERSION = YES;
				GCC_WARN_ABOUT_RETURN_TYPE = YES_ERROR;
				GCC_WARN_UNDECLARED_SELECTOR = YES;
				GCC_WARN_UNINITIALIZED_AUTOS = YES_AGGRESSIVE;
				GCC_WARN_UNUSED_FUNCTION = YES;
				GCC_WARN_UNUSED_VARIABLE = YES;
				IPHONEOS_DEPLOYMENT_TARGET = 14.2;
				MTL_ENABLE_DEBUG_INFO = NO;
				MTL_FAST_MATH = YES;
				SDKROOT = iphoneos;
				SWIFT_COMPILATION_MODE = wholemodule;
				SWIFT_OPTIMIZATION_LEVEL = "-O";
				VALIDATE_PRODUCT = YES;
			};
			name = Release;
		};
		62DAD0EA25A8E65E0052214E /* Debug */ = {
			isa = XCBuildConfiguration;
			buildSettings = {
				ASSETCATALOG_COMPILER_APPICON_NAME = AppIcon;
				ASSETCATALOG_COMPILER_GLOBAL_ACCENT_COLOR_NAME = AccentColor;
				CODE_SIGN_STYLE = Automatic;
				DEVELOPMENT_TEAM = 3NJG9U65QY;
				INFOPLIST_FILE = SavingsTracker/Info.plist;
				LD_RUNPATH_SEARCH_PATHS = (
					"$(inherited)",
					"@executable_path/Frameworks",
				);
				PRODUCT_BUNDLE_IDENTIFIER = com.YagaaGowtham.SavingsTracker;
				PRODUCT_NAME = "$(TARGET_NAME)";
				SWIFT_VERSION = 5.0;
				TARGETED_DEVICE_FAMILY = "1,2";
			};
			name = Debug;
		};
		62DAD0EB25A8E65E0052214E /* Release */ = {
			isa = XCBuildConfiguration;
			buildSettings = {
				ASSETCATALOG_COMPILER_APPICON_NAME = AppIcon;
				ASSETCATALOG_COMPILER_GLOBAL_ACCENT_COLOR_NAME = AccentColor;
				CODE_SIGN_STYLE = Automatic;
				DEVELOPMENT_TEAM = 3NJG9U65QY;
				INFOPLIST_FILE = SavingsTracker/Info.plist;
				LD_RUNPATH_SEARCH_PATHS = (
					"$(inherited)",
					"@executable_path/Frameworks",
				);
				PRODUCT_BUNDLE_IDENTIFIER = com.YagaaGowtham.SavingsTracker;
				PRODUCT_NAME = "$(TARGET_NAME)";
				SWIFT_VERSION = 5.0;
				TARGETED_DEVICE_FAMILY = "1,2";
			};
			name = Release;
		};
/* End XCBuildConfiguration section */

/* Begin XCConfigurationList section */
		62DAD0BA25A8E65D0052214E /* Build configuration list for PBXProject "SavingsTracker" */ = {
			isa = XCConfigurationList;
			buildConfigurations = (
				62DAD0E725A8E65E0052214E /* Debug */,
				62DAD0E825A8E65E0052214E /* Release */,
			);
			defaultConfigurationIsVisible = 0;
			defaultConfigurationName = Release;
		};
		62DAD0E925A8E65E0052214E /* Build configuration list for PBXNativeTarget "SavingsTracker" */ = {
			isa = XCConfigurationList;
			buildConfigurations = (
				62DAD0EA25A8E65E0052214E /* Debug */,
				62DAD0EB25A8E65E0052214E /* Release */,
			);
			defaultConfigurationIsVisible = 0;
			defaultConfigurationName = Release;
		};
/* End XCConfigurationList section */
	};
	rootObject = 62DAD0B725A8E65D0052214E /* Project object */;
}
